
Microsoft Visual Studio Solution File, Format Version 12.00
# Visual Studio Version 17
VisualStudioVersion = 17.4.33213.308
MinimumVisualStudioVersion = 10.0.40219.1
Project("{FAE04EC0-301F-11D3-BF4B-00C04F79EFBC}") = "PrgA1CSh", "PrgA1CSh\PrgA1CSh.csproj", "{BE46D5B6-0418-4305-A848-C85A2814310F}"
EndProject
Project("{FAE04EC0-301F-11D3-BF4B-00C04F79EFBC}") = "Library.Management", "Library.Management\Library.Management.csproj", "{979C577E-2634-4A2D-AA33-FED363E8EA7B}"
EndProject
Global
	GlobalSection(SolutionConfigurationPlatforms) = preSolution
		Debug|Any CPU = Debug|Any CPU
		Release|Any CPU = Release|Any CPU
	EndGlobalSection
	GlobalSection(ProjectConfigurationPlatforms) = postSolution
		{BE46D5B6-0418-4305-A848-C85A2814310F}.Debug|Any CPU.ActiveCfg = Debug|Any CPU
		{BE46D5B6-0418-4305-A848-C85A2814310F}.Debug|Any CPU.Build.0 = Debug|Any CPU
		{BE46D5B6-0418-4305-A848-C85A2814310F}.Release|Any CPU.ActiveCfg = Release|Any CPU
		{BE46D5B6-0418-4305-A848-C85A2814310F}.Release|Any CPU.Build.0 = Release|Any CPU
		{979C577E-2634-4A2D-AA33-FED363E8EA7B}.Debug|Any CPU.ActiveCfg = Debug|Any CPU
		{979C577E-2634-4A2D-AA33-FED363E8EA7B}.Debug|Any CPU.Build.0 = Debug|Any CPU
		{979C577E-2634-4A2D-AA33-FED363E8EA7B}.Release|Any CPU.ActiveCfg = Release|Any CPU
		{979C577E-2634-4A2D-AA33-FED363E8EA7B}.Release|Any CPU.Build.0 = Release|Any CPU
	EndGlobalSection
	GlobalSection(SolutionProperties) = preSolution
		HideSolutionNode = FALSE
	EndGlobalSection
	GlobalSection(ExtensibilityGlobals) = postSolution
		SolutionGuid = {219F023A-0C9A-40E1-88DF-A88BB64171E3}
	EndGlobalSection
EndGlobal
